
Microsoft Visual Studio Solution File, Format Version 12.00
# Visual Studio Version 16
VisualStudioVersion = 16.0.31911.196
MinimumVisualStudioVersion = 10.0.40219.1
Project("{FAE04EC0-301F-11D3-BF4B-00C04F79EFBC}") = "4_Interface_Segregation", "4_Interface_Segregation\4_Interface_Segregation.csproj", "{34AE5398-5961-4911-9918-E8089D575C8E}"
EndProject
Global
	GlobalSection(SolutionConfigurationPlatforms) = preSolution
		Debug|Any CPU = Debug|Any CPU
		Release|Any CPU = Release|Any CPU
	EndGlobalSection
	GlobalSection(ProjectConfigurationPlatforms) = postSolution
		{34AE5398-5961-4911-9918-E8089D575C8E}.Debug|Any CPU.ActiveCfg = Debug|Any CPU
		{34AE5398-5961-4911-9918-E8089D575C8E}.Debug|Any CPU.Build.0 = Debug|Any CPU
		{34AE5398-5961-4911-9918-E8089D575C8E}.Release|Any CPU.ActiveCfg = Release|Any CPU
		{34AE5398-5961-4911-9918-E8089D575C8E}.Release|Any CPU.Build.0 = Release|Any CPU
	EndGlobalSection
	GlobalSection(SolutionProperties) = preSolution
		HideSolutionNode = FALSE
	EndGlobalSection
	GlobalSection(ExtensibilityGlobals) = postSolution
		SolutionGuid = {76F3BEA6-095D-4B01-A892-A93FDE603FFE}
	EndGlobalSection
EndGlobal
